
Microsoft Visual Studio Solution File, Format Version 12.00
# Visual Studio Version 17
VisualStudioVersion = 17.8.34322.80
MinimumVisualStudioVersion = 10.0.40219.1
Project("{9A19103F-16F7-4668-BE54-9A1E7A4F7556}") = "TestOpenTK.HelloWindow", "TestOpenTK.HelloWindow\TestOpenTK.HelloWindow.csproj", "{C09A5212-F004-427E-B947-9148F4908A63}"
EndProject
Project("{9A19103F-16F7-4668-BE54-9A1E7A4F7556}") = "TestOpenTK.Lib", "TestOpenTK.Lib\TestOpenTK.Lib.csproj", "{E17232EC-0DD0-45F5-999A-C8DD45308B52}"
EndProject
Project("{9A19103F-16F7-4668-BE54-9A1E7A4F7556}") = "TestOpenTK.Primitives", "TestOpenTK.ShadersBasic\TestOpenTK.Primitives.csproj", "{E40F1C16-5325-4D52-8BAE-B2C24BE0FDEA}"
EndProject
Project("{FAE04EC0-301F-11D3-BF4B-00C04F79EFBC}") = "TestOpenTK.Textures", "TestOpenTK.Textures\TestOpenTK.Textures.csproj", "{5484EF8C-C2F8-46CF-9B7F-2DA34F3D5CB5}"
EndProject
Global
	GlobalSection(SolutionConfigurationPlatforms) = preSolution
		Debug|Any CPU = Debug|Any CPU
		Release|Any CPU = Release|Any CPU
	EndGlobalSection
	GlobalSection(ProjectConfigurationPlatforms) = postSolution
		{C09A5212-F004-427E-B947-9148F4908A63}.Debug|Any CPU.ActiveCfg = Debug|Any CPU
		{C09A5212-F004-427E-B947-9148F4908A63}.Debug|Any CPU.Build.0 = Debug|Any CPU
		{C09A5212-F004-427E-B947-9148F4908A63}.Release|Any CPU.ActiveCfg = Release|Any CPU
		{C09A5212-F004-427E-B947-9148F4908A63}.Release|Any CPU.Build.0 = Release|Any CPU
		{E17232EC-0DD0-45F5-999A-C8DD45308B52}.Debug|Any CPU.ActiveCfg = Debug|Any CPU
		{E17232EC-0DD0-45F5-999A-C8DD45308B52}.Debug|Any CPU.Build.0 = Debug|Any CPU
		{E17232EC-0DD0-45F5-999A-C8DD45308B52}.Release|Any CPU.ActiveCfg = Release|Any CPU
		{E17232EC-0DD0-45F5-999A-C8DD45308B52}.Release|Any CPU.Build.0 = Release|Any CPU
		{E40F1C16-5325-4D52-8BAE-B2C24BE0FDEA}.Debug|Any CPU.ActiveCfg = Debug|Any CPU
		{E40F1C16-5325-4D52-8BAE-B2C24BE0FDEA}.Debug|Any CPU.Build.0 = Debug|Any CPU
		{E40F1C16-5325-4D52-8BAE-B2C24BE0FDEA}.Release|Any CPU.ActiveCfg = Release|Any CPU
		{E40F1C16-5325-4D52-8BAE-B2C24BE0FDEA}.Release|Any CPU.Build.0 = Release|Any CPU
		{5484EF8C-C2F8-46CF-9B7F-2DA34F3D5CB5}.Debug|Any CPU.ActiveCfg = Debug|Any CPU
		{5484EF8C-C2F8-46CF-9B7F-2DA34F3D5CB5}.Debug|Any CPU.Build.0 = Debug|Any CPU
		{5484EF8C-C2F8-46CF-9B7F-2DA34F3D5CB5}.Release|Any CPU.ActiveCfg = Release|Any CPU
		{5484EF8C-C2F8-46CF-9B7F-2DA34F3D5CB5}.Release|Any CPU.Build.0 = Release|Any CPU
	EndGlobalSection
	GlobalSection(SolutionProperties) = preSolution
		HideSolutionNode = FALSE
	EndGlobalSection
	GlobalSection(ExtensibilityGlobals) = postSolution
		SolutionGuid = {28334FAF-B3C8-4E15-966C-D4E8259B7194}
	EndGlobalSection
EndGlobal
